<?xml version="1.0" encoding="utf-8"?>
<Project ToolsVersion="4.0" xmlns="http://schemas.microsoft.com/developer/msbuild/2003">
  <ItemGroup>
    <Filter Include="Source Files">
      <UniqueIdentifier>{5f170eaf-1d36-4e71-a1b1-6b95f34cd1f3}</UniqueIdentifier>
      <Extensions>cpp;c;cxx;rc;def;r;odl;idl;hpj;bat</Extensions>
    </Filter>
    <Filter Include="Header Files">
      <UniqueIdentifier>{2cf3d8fa-4073-4436-a324-5a008dd873fb}</UniqueIdentifier>
      <Extensions>h;hpp;hxx;hm;inl</Extensions>
    </Filter>
  </ItemGroup>
  <ItemGroup>
    <ClCompile Include="..\CListEvent.cxx">
      <Filter>Source Files</Filter>
    </ClCompile>
    <ClCompile Include="..\CListModeData.cxx">
      <Filter>Source Files</Filter>
    </ClCompile>
    <ClCompile Include="..\CListModeDataECAT.cxx">
      <Filter>Source Files</Filter>
    </ClCompile>
    <ClCompile Include="..\CListModeDataFromStream.cxx">
      <Filter>Source Files</Filter>
    </ClCompile>
    <ClCompile Include="..\CListRecordECAT962.cxx">
      <Filter>Source Files</Filter>
    </ClCompile>
    <ClCompile Include="..\CListRecordECAT966.cxx">
      <Filter>Source Files</Filter>
    </ClCompile>
    <ClCompile Include="..\LmToProjData.cxx">
      <Filter>Source Files</Filter>
    </ClCompile>
  </ItemGroup>
</Project>