
Microsoft Visual Studio Solution File, Format Version 10.00
# Visual C++ Express 2008
Project("{8BC9CEB8-8B4A-11D0-8D11-00A0C91BC942}") = "IO", "..\..\IO\VC\IO.vcproj", "{A91E422B-1728-4CF7-9A20-01871F43BE6F}"
EndProject
Project("{8BC9CEB8-8B4A-11D0-8D11-00A0C91BC942}") = "bcktest", "..\..\recon_test\VC\bcktest\bcktest.vcproj", "{D7F34550-0DCB-4999-B938-BC6CA86D0B86}"
	ProjectSection(ProjectDependencies) = postProject
		{F0523425-F3BE-4D3A-8B18-4243536D1BE3} = {F0523425-F3BE-4D3A-8B18-4243536D1BE3}
		{A91E422B-1728-4CF7-9A20-01871F43BE6F} = {A91E422B-1728-4CF7-9A20-01871F43BE6F}
		{2454F179-57F5-44C2-8C08-B97B829C9CC4} = {2454F179-57F5-44C2-8C08-B97B829C9CC4}
		{B0A7848A-BD1F-4F3D-9038-B110C6B549F7} = {B0A7848A-BD1F-4F3D-9038-B110C6B549F7}
		{35DE8EA0-694C-4867-9D8A-3A044F5B74C4} = {35DE8EA0-694C-4867-9D8A-3A044F5B74C4}
		{8BAC9DA2-6F2C-4345-A407-ED9930F21360} = {8BAC9DA2-6F2C-4345-A407-ED9930F21360}
		{3E1020F6-3DEA-495F-8197-02ABEF79CE72} = {3E1020F6-3DEA-495F-8197-02ABEF79CE72}
	EndProjectSection
EndProject
Project("{8BC9CEB8-8B4A-11D0-8D11-00A0C91BC942}") = "buildblock", "..\..\buildblock\VC\buildblock.vcproj", "{35DE8EA0-694C-4867-9D8A-3A044F5B74C4}"
EndProject
Project("{8BC9CEB8-8B4A-11D0-8D11-00A0C91BC942}") = "display", "..\..\display\VC\display.vcproj", "{F0523425-F3BE-4D3A-8B18-4243536D1BE3}"
EndProject
Project("{8BC9CEB8-8B4A-11D0-8D11-00A0C91BC942}") = "ecat", "..\..\..\..\lln\ecat\VC\ecat.vcproj", "{B0A7848A-BD1F-4F3D-9038-B110C6B549F7}"
EndProject
Project("{8BC9CEB8-8B4A-11D0-8D11-00A0C91BC942}") = "fwdtest", "..\..\recon_test\VC\fwdtest\fwdtest.vcproj", "{651F0B22-53FD-4F43-93D2-4FCBAF74C472}"
	ProjectSection(ProjectDependencies) = postProject
		{F0523425-F3BE-4D3A-8B18-4243536D1BE3} = {F0523425-F3BE-4D3A-8B18-4243536D1BE3}
		{A91E422B-1728-4CF7-9A20-01871F43BE6F} = {A91E422B-1728-4CF7-9A20-01871F43BE6F}
		{2454F179-57F5-44C2-8C08-B97B829C9CC4} = {2454F179-57F5-44C2-8C08-B97B829C9CC4}
		{B0A7848A-BD1F-4F3D-9038-B110C6B549F7} = {B0A7848A-BD1F-4F3D-9038-B110C6B549F7}
		{35DE8EA0-694C-4867-9D8A-3A044F5B74C4} = {35DE8EA0-694C-4867-9D8A-3A044F5B74C4}
		{8BAC9DA2-6F2C-4345-A407-ED9930F21360} = {8BAC9DA2-6F2C-4345-A407-ED9930F21360}
		{3E1020F6-3DEA-495F-8197-02ABEF79CE72} = {3E1020F6-3DEA-495F-8197-02ABEF79CE72}
	EndProjectSection
EndProject
Project("{8BC9CEB8-8B4A-11D0-8D11-00A0C91BC942}") = "local_recon_buildblock", "..\..\local\recon_buildblock\VC\local_recon_buildblock.vcproj", "{8BAC9DA2-6F2C-4345-A407-ED9930F21360}"
EndProject
Project("{8BC9CEB8-8B4A-11D0-8D11-00A0C91BC942}") = "recon_buildblock", "..\..\recon_buildblock\VC\recon_buildblock.vcproj", "{2454F179-57F5-44C2-8C08-B97B829C9CC4}"
	ProjectSection(ProjectDependencies) = postProject
		{15552E6C-3D8C-443E-92E0-A3ABC2E32F01} = {15552E6C-3D8C-443E-92E0-A3ABC2E32F01}
	EndProjectSection
EndProject
Project("{8BC9CEB8-8B4A-11D0-8D11-00A0C91BC942}") = "test_DataSymmetriesForBins_PET_CartesianGrid", "..\..\recon_test\VC\test_DataSymmetriesForBins_PET_CartesianGrid\test_DataSymmetriesForBins_PET_CartesianGrid.vcproj", "{DB30368E-3E3F-458E-AF2C-151EDA2B6257}"
	ProjectSection(ProjectDependencies) = postProject
		{A91E422B-1728-4CF7-9A20-01871F43BE6F} = {A91E422B-1728-4CF7-9A20-01871F43BE6F}
		{2454F179-57F5-44C2-8C08-B97B829C9CC4} = {2454F179-57F5-44C2-8C08-B97B829C9CC4}
		{B0A7848A-BD1F-4F3D-9038-B110C6B549F7} = {B0A7848A-BD1F-4F3D-9038-B110C6B549F7}
		{35DE8EA0-694C-4867-9D8A-3A044F5B74C4} = {35DE8EA0-694C-4867-9D8A-3A044F5B74C4}
	EndProjectSection
EndProject
Project("{8BC9CEB8-8B4A-11D0-8D11-00A0C91BC942}") = "listmode_buildblock", "..\..\listmode_buildblock\VC\listmode_buildblock.vcproj", "{15552E6C-3D8C-443E-92E0-A3ABC2E32F01}"
EndProject
Project("{8BC9CEB8-8B4A-11D0-8D11-00A0C91BC942}") = "modelling_buildblock", "..\..\modelling_buildblock\VC\modelling_buildblock.vcproj", "{3E1020F6-3DEA-495F-8197-02ABEF79CE72}"
EndProject
Global
	GlobalSection(SolutionConfigurationPlatforms) = preSolution
		Debug|Win32 = Debug|Win32
		Release|Win32 = Release|Win32
	EndGlobalSection
	GlobalSection(ProjectConfigurationPlatforms) = postSolution
		{A91E422B-1728-4CF7-9A20-01871F43BE6F}.Debug|Win32.ActiveCfg = Debug|Win32
		{A91E422B-1728-4CF7-9A20-01871F43BE6F}.Debug|Win32.Build.0 = Debug|Win32
		{A91E422B-1728-4CF7-9A20-01871F43BE6F}.Release|Win32.ActiveCfg = Release|Win32
		{A91E422B-1728-4CF7-9A20-01871F43BE6F}.Release|Win32.Build.0 = Release|Win32
		{D7F34550-0DCB-4999-B938-BC6CA86D0B86}.Debug|Win32.ActiveCfg = Debug|Win32
		{D7F34550-0DCB-4999-B938-BC6CA86D0B86}.Debug|Win32.Build.0 = Debug|Win32
		{D7F34550-0DCB-4999-B938-BC6CA86D0B86}.Release|Win32.ActiveCfg = Release|Win32
		{D7F34550-0DCB-4999-B938-BC6CA86D0B86}.Release|Win32.Build.0 = Release|Win32
		{35DE8EA0-694C-4867-9D8A-3A044F5B74C4}.Debug|Win32.ActiveCfg = Debug|Win32
		{35DE8EA0-694C-4867-9D8A-3A044F5B74C4}.Debug|Win32.Build.0 = Debug|Win32
		{35DE8EA0-694C-4867-9D8A-3A044F5B74C4}.Release|Win32.ActiveCfg = Release|Win32
		{35DE8EA0-694C-4867-9D8A-3A044F5B74C4}.Release|Win32.Build.0 = Release|Win32
		{F0523425-F3BE-4D3A-8B18-4243536D1BE3}.Debug|Win32.ActiveCfg = Debug|Win32
		{F0523425-F3BE-4D3A-8B18-4243536D1BE3}.Debug|Win32.Build.0 = Debug|Win32
		{F0523425-F3BE-4D3A-8B18-4243536D1BE3}.Release|Win32.ActiveCfg = Release|Win32
		{F0523425-F3BE-4D3A-8B18-4243536D1BE3}.Release|Win32.Build.0 = Release|Win32
		{B0A7848A-BD1F-4F3D-9038-B110C6B549F7}.Debug|Win32.ActiveCfg = Debug|Win32
		{B0A7848A-BD1F-4F3D-9038-B110C6B549F7}.Debug|Win32.Build.0 = Debug|Win32
		{B0A7848A-BD1F-4F3D-9038-B110C6B549F7}.Release|Win32.ActiveCfg = Release|Win32
		{B0A7848A-BD1F-4F3D-9038-B110C6B549F7}.Release|Win32.Build.0 = Release|Win32
		{651F0B22-53FD-4F43-93D2-4FCBAF74C472}.Debug|Win32.ActiveCfg = Debug|Win32
		{651F0B22-53FD-4F43-93D2-4FCBAF74C472}.Debug|Win32.Build.0 = Debug|Win32
		{651F0B22-53FD-4F43-93D2-4FCBAF74C472}.Release|Win32.ActiveCfg = Release|Win32
		{651F0B22-53FD-4F43-93D2-4FCBAF74C472}.Release|Win32.Build.0 = Release|Win32
		{8BAC9DA2-6F2C-4345-A407-ED9930F21360}.Debug|Win32.ActiveCfg = Debug|Win32
		{8BAC9DA2-6F2C-4345-A407-ED9930F21360}.Debug|Win32.Build.0 = Debug|Win32
		{8BAC9DA2-6F2C-4345-A407-ED9930F21360}.Release|Win32.ActiveCfg = Release|Win32
		{8BAC9DA2-6F2C-4345-A407-ED9930F21360}.Release|Win32.Build.0 = Release|Win32
		{2454F179-57F5-44C2-8C08-B97B829C9CC4}.Debug|Win32.ActiveCfg = Debug|Win32
		{2454F179-57F5-44C2-8C08-B97B829C9CC4}.Debug|Win32.Build.0 = Debug|Win32
		{2454F179-57F5-44C2-8C08-B97B829C9CC4}.Release|Win32.ActiveCfg = Release|Win32
		{2454F179-57F5-44C2-8C08-B97B829C9CC4}.Release|Win32.Build.0 = Release|Win32
		{DB30368E-3E3F-458E-AF2C-151EDA2B6257}.Debug|Win32.ActiveCfg = Debug|Win32
		{DB30368E-3E3F-458E-AF2C-151EDA2B6257}.Debug|Win32.Build.0 = Debug|Win32
		{DB30368E-3E3F-458E-AF2C-151EDA2B6257}.Release|Win32.ActiveCfg = Release|Win32
		{DB30368E-3E3F-458E-AF2C-151EDA2B6257}.Release|Win32.Build.0 = Release|Win32
		{15552E6C-3D8C-443E-92E0-A3ABC2E32F01}.Debug|Win32.ActiveCfg = Debug|Win32
		{15552E6C-3D8C-443E-92E0-A3ABC2E32F01}.Debug|Win32.Build.0 = Debug|Win32
		{15552E6C-3D8C-443E-92E0-A3ABC2E32F01}.Release|Win32.ActiveCfg = Release|Win32
		{15552E6C-3D8C-443E-92E0-A3ABC2E32F01}.Release|Win32.Build.0 = Release|Win32
		{3E1020F6-3DEA-495F-8197-02ABEF79CE72}.Debug|Win32.ActiveCfg = Debug|Win32
		{3E1020F6-3DEA-495F-8197-02ABEF79CE72}.Debug|Win32.Build.0 = Debug|Win32
		{3E1020F6-3DEA-495F-8197-02ABEF79CE72}.Release|Win32.ActiveCfg = Release|Win32
		{3E1020F6-3DEA-495F-8197-02ABEF79CE72}.Release|Win32.Build.0 = Release|Win32
	EndGlobalSection
	GlobalSection(SolutionProperties) = preSolution
		HideSolutionNode = FALSE
	EndGlobalSection
EndGlobal
