
Microsoft Visual Studio Solution File, Format Version 10.00
# Visual C++ Express 2008
Project("{8BC9CEB8-8B4A-11D0-8D11-00A0C91BC942}") = "IO", "..\IO\VC\IO.vcproj", "{A91E422B-1728-4CF7-9A20-01871F43BE6F}"
EndProject
Project("{8BC9CEB8-8B4A-11D0-8D11-00A0C91BC942}") = "SSRB", "..\utilities\VC\SSRB\SSRB.vcproj", "{AC84C2EB-6366-4F64-9808-44D4B6485756}"
	ProjectSection(ProjectDependencies) = postProject
		{A91E422B-1728-4CF7-9A20-01871F43BE6F} = {A91E422B-1728-4CF7-9A20-01871F43BE6F}
		{B0A7848A-BD1F-4F3D-9038-B110C6B549F7} = {B0A7848A-BD1F-4F3D-9038-B110C6B549F7}
		{35DE8EA0-694C-4867-9D8A-3A044F5B74C4} = {35DE8EA0-694C-4867-9D8A-3A044F5B74C4}
		{3E1020F6-3DEA-495F-8197-02ABEF79CE72} = {3E1020F6-3DEA-495F-8197-02ABEF79CE72}
	EndProjectSection
EndProject
Project("{8BC9CEB8-8B4A-11D0-8D11-00A0C91BC942}") = "Shape_buildblock", "..\Shape_buildblock\VC\Shape_buildblock.vcproj", "{A8BD5D4B-42E6-4750-A939-CB4DE14715FB}"
	ProjectSection(ProjectDependencies) = postProject
		{895E2605-CA36-48E4-AC0D-205458877393} = {895E2605-CA36-48E4-AC0D-205458877393}
	EndProjectSection
EndProject
Project("{8BC9CEB8-8B4A-11D0-8D11-00A0C91BC942}") = "buildblock", "..\buildblock\VC\buildblock.vcproj", "{35DE8EA0-694C-4867-9D8A-3A044F5B74C4}"
	ProjectSection(ProjectDependencies) = postProject
		{895E2605-CA36-48E4-AC0D-205458877393} = {895E2605-CA36-48E4-AC0D-205458877393}
	EndProjectSection
EndProject
Project("{8BC9CEB8-8B4A-11D0-8D11-00A0C91BC942}") = "compare_image", "..\utilities\VC\compare_image\compare_image.vcproj", "{5790559C-03E4-449F-A15A-CE760F6353F3}"
	ProjectSection(ProjectDependencies) = postProject
		{A91E422B-1728-4CF7-9A20-01871F43BE6F} = {A91E422B-1728-4CF7-9A20-01871F43BE6F}
		{B0A7848A-BD1F-4F3D-9038-B110C6B549F7} = {B0A7848A-BD1F-4F3D-9038-B110C6B549F7}
		{35DE8EA0-694C-4867-9D8A-3A044F5B74C4} = {35DE8EA0-694C-4867-9D8A-3A044F5B74C4}
		{3E1020F6-3DEA-495F-8197-02ABEF79CE72} = {3E1020F6-3DEA-495F-8197-02ABEF79CE72}
	EndProjectSection
EndProject
Project("{8BC9CEB8-8B4A-11D0-8D11-00A0C91BC942}") = "compare_projdata", "..\utilities\VC\compare_projdata\compare_projdata.vcproj", "{E5206AF5-27C4-408C-A723-54A56E31863C}"
	ProjectSection(ProjectDependencies) = postProject
		{A91E422B-1728-4CF7-9A20-01871F43BE6F} = {A91E422B-1728-4CF7-9A20-01871F43BE6F}
		{B0A7848A-BD1F-4F3D-9038-B110C6B549F7} = {B0A7848A-BD1F-4F3D-9038-B110C6B549F7}
		{35DE8EA0-694C-4867-9D8A-3A044F5B74C4} = {35DE8EA0-694C-4867-9D8A-3A044F5B74C4}
		{3E1020F6-3DEA-495F-8197-02ABEF79CE72} = {3E1020F6-3DEA-495F-8197-02ABEF79CE72}
	EndProjectSection
EndProject
Project("{8BC9CEB8-8B4A-11D0-8D11-00A0C91BC942}") = "correct_projdata", "..\utilities\VC\correct_projdata\correct_projdata.vcproj", "{5576F56A-657A-4661-A49D-91F72BAB3494}"
	ProjectSection(ProjectDependencies) = postProject
		{895E2605-CA36-48E4-AC0D-205458877393} = {895E2605-CA36-48E4-AC0D-205458877393}
		{A91E422B-1728-4CF7-9A20-01871F43BE6F} = {A91E422B-1728-4CF7-9A20-01871F43BE6F}
		{2454F179-57F5-44C2-8C08-B97B829C9CC4} = {2454F179-57F5-44C2-8C08-B97B829C9CC4}
		{B0A7848A-BD1F-4F3D-9038-B110C6B549F7} = {B0A7848A-BD1F-4F3D-9038-B110C6B549F7}
		{35DE8EA0-694C-4867-9D8A-3A044F5B74C4} = {35DE8EA0-694C-4867-9D8A-3A044F5B74C4}
		{3E1020F6-3DEA-495F-8197-02ABEF79CE72} = {3E1020F6-3DEA-495F-8197-02ABEF79CE72}
	EndProjectSection
EndProject
Project("{8BC9CEB8-8B4A-11D0-8D11-00A0C91BC942}") = "create_template_projdata", "..\utilities\VC\create_template_projdata\create_template_projdata.vcproj", "{979D6110-4661-4FB2-BFFF-F865033B9002}"
	ProjectSection(ProjectDependencies) = postProject
		{A91E422B-1728-4CF7-9A20-01871F43BE6F} = {A91E422B-1728-4CF7-9A20-01871F43BE6F}
		{B0A7848A-BD1F-4F3D-9038-B110C6B549F7} = {B0A7848A-BD1F-4F3D-9038-B110C6B549F7}
		{35DE8EA0-694C-4867-9D8A-3A044F5B74C4} = {35DE8EA0-694C-4867-9D8A-3A044F5B74C4}
		{3E1020F6-3DEA-495F-8197-02ABEF79CE72} = {3E1020F6-3DEA-495F-8197-02ABEF79CE72}
	EndProjectSection
EndProject
Project("{8BC9CEB8-8B4A-11D0-8D11-00A0C91BC942}") = "display", "..\display\VC\display.vcproj", "{F0523425-F3BE-4D3A-8B18-4243536D1BE3}"
	ProjectSection(ProjectDependencies) = postProject
		{35DE8EA0-694C-4867-9D8A-3A044F5B74C4} = {35DE8EA0-694C-4867-9D8A-3A044F5B74C4}
	EndProjectSection
EndProject
Project("{8BC9CEB8-8B4A-11D0-8D11-00A0C91BC942}") = "display_projdata", "..\utilities\VC\display_projdata\display_projdata.vcproj", "{D820AD8A-7166-4E24-AC53-290875CCE0D9}"
	ProjectSection(ProjectDependencies) = postProject
		{F0523425-F3BE-4D3A-8B18-4243536D1BE3} = {F0523425-F3BE-4D3A-8B18-4243536D1BE3}
		{A91E422B-1728-4CF7-9A20-01871F43BE6F} = {A91E422B-1728-4CF7-9A20-01871F43BE6F}
		{B0A7848A-BD1F-4F3D-9038-B110C6B549F7} = {B0A7848A-BD1F-4F3D-9038-B110C6B549F7}
		{35DE8EA0-694C-4867-9D8A-3A044F5B74C4} = {35DE8EA0-694C-4867-9D8A-3A044F5B74C4}
		{3E1020F6-3DEA-495F-8197-02ABEF79CE72} = {3E1020F6-3DEA-495F-8197-02ABEF79CE72}
	EndProjectSection
EndProject
Project("{8BC9CEB8-8B4A-11D0-8D11-00A0C91BC942}") = "do_linear_regression", "..\utilities\VC\do_linear_regression\do_linear_regression.vcproj", "{628B166B-7BAD-4BEA-A45C-4CCD251CBC67}"
	ProjectSection(ProjectDependencies) = postProject
		{A91E422B-1728-4CF7-9A20-01871F43BE6F} = {A91E422B-1728-4CF7-9A20-01871F43BE6F}
		{B0A7848A-BD1F-4F3D-9038-B110C6B549F7} = {B0A7848A-BD1F-4F3D-9038-B110C6B549F7}
		{35DE8EA0-694C-4867-9D8A-3A044F5B74C4} = {35DE8EA0-694C-4867-9D8A-3A044F5B74C4}
	EndProjectSection
EndProject
Project("{8BC9CEB8-8B4A-11D0-8D11-00A0C91BC942}") = "ecat", "..\..\..\lln\ecat\VC\ecat.vcproj", "{B0A7848A-BD1F-4F3D-9038-B110C6B549F7}"
EndProject
Project("{8BC9CEB8-8B4A-11D0-8D11-00A0C91BC942}") = "eval_buildblock", "..\eval_buildblock\VC\eval_buildblock.vcproj", "{D4DA14A4-B19C-4A8D-9B70-222581A2F743}"
EndProject
Project("{8BC9CEB8-8B4A-11D0-8D11-00A0C91BC942}") = "extract_segments", "..\utilities\VC\extract_segments\extract_segments.vcproj", "{58BC5433-5C36-4808-818C-220E4B9482E4}"
	ProjectSection(ProjectDependencies) = postProject
		{A91E422B-1728-4CF7-9A20-01871F43BE6F} = {A91E422B-1728-4CF7-9A20-01871F43BE6F}
		{B0A7848A-BD1F-4F3D-9038-B110C6B549F7} = {B0A7848A-BD1F-4F3D-9038-B110C6B549F7}
		{35DE8EA0-694C-4867-9D8A-3A044F5B74C4} = {35DE8EA0-694C-4867-9D8A-3A044F5B74C4}
		{3E1020F6-3DEA-495F-8197-02ABEF79CE72} = {3E1020F6-3DEA-495F-8197-02ABEF79CE72}
	EndProjectSection
EndProject
Project("{8BC9CEB8-8B4A-11D0-8D11-00A0C91BC942}") = "generate_image", "..\utilities\VC\generate_image\generate_image.vcproj", "{4C16309A-B7D1-486A-A15E-289AB42D23E0}"
	ProjectSection(ProjectDependencies) = postProject
		{A91E422B-1728-4CF7-9A20-01871F43BE6F} = {A91E422B-1728-4CF7-9A20-01871F43BE6F}
		{A8BD5D4B-42E6-4750-A939-CB4DE14715FB} = {A8BD5D4B-42E6-4750-A939-CB4DE14715FB}
		{B0A7848A-BD1F-4F3D-9038-B110C6B549F7} = {B0A7848A-BD1F-4F3D-9038-B110C6B549F7}
		{35DE8EA0-694C-4867-9D8A-3A044F5B74C4} = {35DE8EA0-694C-4867-9D8A-3A044F5B74C4}
		{3E1020F6-3DEA-495F-8197-02ABEF79CE72} = {3E1020F6-3DEA-495F-8197-02ABEF79CE72}
	EndProjectSection
EndProject
Project("{8BC9CEB8-8B4A-11D0-8D11-00A0C91BC942}") = "list_ROI_values", "..\utilities\VC\list_ROI_values\list_ROI_values.vcproj", "{FC8C3CE1-1E67-46AF-8AB6-F8F1BD4D9530}"
	ProjectSection(ProjectDependencies) = postProject
		{A91E422B-1728-4CF7-9A20-01871F43BE6F} = {A91E422B-1728-4CF7-9A20-01871F43BE6F}
		{A8BD5D4B-42E6-4750-A939-CB4DE14715FB} = {A8BD5D4B-42E6-4750-A939-CB4DE14715FB}
		{B0A7848A-BD1F-4F3D-9038-B110C6B549F7} = {B0A7848A-BD1F-4F3D-9038-B110C6B549F7}
		{35DE8EA0-694C-4867-9D8A-3A044F5B74C4} = {35DE8EA0-694C-4867-9D8A-3A044F5B74C4}
		{D4DA14A4-B19C-4A8D-9B70-222581A2F743} = {D4DA14A4-B19C-4A8D-9B70-222581A2F743}
		{3E1020F6-3DEA-495F-8197-02ABEF79CE72} = {3E1020F6-3DEA-495F-8197-02ABEF79CE72}
	EndProjectSection
EndProject
Project("{8BC9CEB8-8B4A-11D0-8D11-00A0C91BC942}") = "local_buildblock", "..\local\buildblock\VC\local_buildblock.vcproj", "{AD5A3114-4DAF-405E-9D1B-3003F99A9EA2}"
EndProject
Project("{8BC9CEB8-8B4A-11D0-8D11-00A0C91BC942}") = "manip_image", "..\utilities\VC\manip_image\manip_image.vcproj", "{D038D0D1-ABAF-41EA-B468-B5466BF989FA}"
	ProjectSection(ProjectDependencies) = postProject
		{F0523425-F3BE-4D3A-8B18-4243536D1BE3} = {F0523425-F3BE-4D3A-8B18-4243536D1BE3}
		{A91E422B-1728-4CF7-9A20-01871F43BE6F} = {A91E422B-1728-4CF7-9A20-01871F43BE6F}
		{B0A7848A-BD1F-4F3D-9038-B110C6B549F7} = {B0A7848A-BD1F-4F3D-9038-B110C6B549F7}
		{35DE8EA0-694C-4867-9D8A-3A044F5B74C4} = {35DE8EA0-694C-4867-9D8A-3A044F5B74C4}
		{3E1020F6-3DEA-495F-8197-02ABEF79CE72} = {3E1020F6-3DEA-495F-8197-02ABEF79CE72}
	EndProjectSection
EndProject
Project("{8BC9CEB8-8B4A-11D0-8D11-00A0C91BC942}") = "manip_projdata", "..\utilities\VC\manip_projdata\manip_projdata.vcproj", "{FEC9FC08-A27E-4CBB-A679-ADAD4D9E6DE0}"
	ProjectSection(ProjectDependencies) = postProject
		{F0523425-F3BE-4D3A-8B18-4243536D1BE3} = {F0523425-F3BE-4D3A-8B18-4243536D1BE3}
		{A91E422B-1728-4CF7-9A20-01871F43BE6F} = {A91E422B-1728-4CF7-9A20-01871F43BE6F}
		{B0A7848A-BD1F-4F3D-9038-B110C6B549F7} = {B0A7848A-BD1F-4F3D-9038-B110C6B549F7}
		{35DE8EA0-694C-4867-9D8A-3A044F5B74C4} = {35DE8EA0-694C-4867-9D8A-3A044F5B74C4}
		{3E1020F6-3DEA-495F-8197-02ABEF79CE72} = {3E1020F6-3DEA-495F-8197-02ABEF79CE72}
	EndProjectSection
EndProject
Project("{8BC9CEB8-8B4A-11D0-8D11-00A0C91BC942}") = "numerics_buildblock", "..\numerics_buildblock\VC\numerics_buildblock.vcproj", "{895E2605-CA36-48E4-AC0D-205458877393}"
EndProject
Project("{8BC9CEB8-8B4A-11D0-8D11-00A0C91BC942}") = "poisson_noise", "..\utilities\VC\poisson_noise\poisson_noise.vcproj", "{B2348320-43FB-4865-962A-043B43475CAA}"
	ProjectSection(ProjectDependencies) = postProject
		{A91E422B-1728-4CF7-9A20-01871F43BE6F} = {A91E422B-1728-4CF7-9A20-01871F43BE6F}
		{B0A7848A-BD1F-4F3D-9038-B110C6B549F7} = {B0A7848A-BD1F-4F3D-9038-B110C6B549F7}
		{35DE8EA0-694C-4867-9D8A-3A044F5B74C4} = {35DE8EA0-694C-4867-9D8A-3A044F5B74C4}
		{3E1020F6-3DEA-495F-8197-02ABEF79CE72} = {3E1020F6-3DEA-495F-8197-02ABEF79CE72}
	EndProjectSection
EndProject
Project("{8BC9CEB8-8B4A-11D0-8D11-00A0C91BC942}") = "postfilter", "..\utilities\VC\postfilter\postfilter.vcproj", "{89ECF26C-C58F-4EF2-BBF5-B4A93B82CE18}"
	ProjectSection(ProjectDependencies) = postProject
		{A91E422B-1728-4CF7-9A20-01871F43BE6F} = {A91E422B-1728-4CF7-9A20-01871F43BE6F}
		{B0A7848A-BD1F-4F3D-9038-B110C6B549F7} = {B0A7848A-BD1F-4F3D-9038-B110C6B549F7}
		{35DE8EA0-694C-4867-9D8A-3A044F5B74C4} = {35DE8EA0-694C-4867-9D8A-3A044F5B74C4}
		{3E1020F6-3DEA-495F-8197-02ABEF79CE72} = {3E1020F6-3DEA-495F-8197-02ABEF79CE72}
	EndProjectSection
EndProject
Project("{8BC9CEB8-8B4A-11D0-8D11-00A0C91BC942}") = "recon_buildblock", "..\recon_buildblock\VC\recon_buildblock.vcproj", "{2454F179-57F5-44C2-8C08-B97B829C9CC4}"
	ProjectSection(ProjectDependencies) = postProject
		{15552E6C-3D8C-443E-92E0-A3ABC2E32F01} = {15552E6C-3D8C-443E-92E0-A3ABC2E32F01}
	EndProjectSection
EndProject
Project("{8BC9CEB8-8B4A-11D0-8D11-00A0C91BC942}") = "stir_math", "..\utilities\VC\stir_math\stir_math.vcproj", "{D5C9B9B8-815C-446B-9255-59F39F1AE3B7}"
	ProjectSection(ProjectDependencies) = postProject
		{A91E422B-1728-4CF7-9A20-01871F43BE6F} = {A91E422B-1728-4CF7-9A20-01871F43BE6F}
		{B0A7848A-BD1F-4F3D-9038-B110C6B549F7} = {B0A7848A-BD1F-4F3D-9038-B110C6B549F7}
		{35DE8EA0-694C-4867-9D8A-3A044F5B74C4} = {35DE8EA0-694C-4867-9D8A-3A044F5B74C4}
		{3E1020F6-3DEA-495F-8197-02ABEF79CE72} = {3E1020F6-3DEA-495F-8197-02ABEF79CE72}
	EndProjectSection
EndProject
Project("{8BC9CEB8-8B4A-11D0-8D11-00A0C91BC942}") = "zoom_image", "..\utilities\VC\zoom_image\zoom_image.vcproj", "{16E237CF-809C-40F6-8A2D-B8F66C26F69E}"
	ProjectSection(ProjectDependencies) = postProject
		{A91E422B-1728-4CF7-9A20-01871F43BE6F} = {A91E422B-1728-4CF7-9A20-01871F43BE6F}
		{B0A7848A-BD1F-4F3D-9038-B110C6B549F7} = {B0A7848A-BD1F-4F3D-9038-B110C6B549F7}
		{35DE8EA0-694C-4867-9D8A-3A044F5B74C4} = {35DE8EA0-694C-4867-9D8A-3A044F5B74C4}
		{3E1020F6-3DEA-495F-8197-02ABEF79CE72} = {3E1020F6-3DEA-495F-8197-02ABEF79CE72}
	EndProjectSection
EndProject
Project("{8BC9CEB8-8B4A-11D0-8D11-00A0C91BC942}") = "listmode_buildblock", "..\listmode_buildblock\VC\listmode_buildblock.vcproj", "{15552E6C-3D8C-443E-92E0-A3ABC2E32F01}"
EndProject
Project("{8BC9CEB8-8B4A-11D0-8D11-00A0C91BC942}") = "modelling_buildblock", "..\modelling_buildblock\VC\modelling_buildblock.vcproj", "{3E1020F6-3DEA-495F-8197-02ABEF79CE72}"
EndProject
Global
	GlobalSection(SolutionConfigurationPlatforms) = preSolution
		Debug|Win32 = Debug|Win32
		Release|Win32 = Release|Win32
	EndGlobalSection
	GlobalSection(ProjectConfigurationPlatforms) = postSolution
		{A91E422B-1728-4CF7-9A20-01871F43BE6F}.Debug|Win32.ActiveCfg = Debug|Win32
		{A91E422B-1728-4CF7-9A20-01871F43BE6F}.Debug|Win32.Build.0 = Debug|Win32
		{A91E422B-1728-4CF7-9A20-01871F43BE6F}.Release|Win32.ActiveCfg = Release|Win32
		{A91E422B-1728-4CF7-9A20-01871F43BE6F}.Release|Win32.Build.0 = Release|Win32
		{AC84C2EB-6366-4F64-9808-44D4B6485756}.Debug|Win32.ActiveCfg = Debug|Win32
		{AC84C2EB-6366-4F64-9808-44D4B6485756}.Debug|Win32.Build.0 = Debug|Win32
		{AC84C2EB-6366-4F64-9808-44D4B6485756}.Release|Win32.ActiveCfg = Release|Win32
		{AC84C2EB-6366-4F64-9808-44D4B6485756}.Release|Win32.Build.0 = Release|Win32
		{A8BD5D4B-42E6-4750-A939-CB4DE14715FB}.Debug|Win32.ActiveCfg = Debug|Win32
		{A8BD5D4B-42E6-4750-A939-CB4DE14715FB}.Debug|Win32.Build.0 = Debug|Win32
		{A8BD5D4B-42E6-4750-A939-CB4DE14715FB}.Release|Win32.ActiveCfg = Release|Win32
		{A8BD5D4B-42E6-4750-A939-CB4DE14715FB}.Release|Win32.Build.0 = Release|Win32
		{35DE8EA0-694C-4867-9D8A-3A044F5B74C4}.Debug|Win32.ActiveCfg = Debug|Win32
		{35DE8EA0-694C-4867-9D8A-3A044F5B74C4}.Debug|Win32.Build.0 = Debug|Win32
		{35DE8EA0-694C-4867-9D8A-3A044F5B74C4}.Release|Win32.ActiveCfg = Release|Win32
		{35DE8EA0-694C-4867-9D8A-3A044F5B74C4}.Release|Win32.Build.0 = Release|Win32
		{5790559C-03E4-449F-A15A-CE760F6353F3}.Debug|Win32.ActiveCfg = Debug|Win32
		{5790559C-03E4-449F-A15A-CE760F6353F3}.Debug|Win32.Build.0 = Debug|Win32
		{5790559C-03E4-449F-A15A-CE760F6353F3}.Release|Win32.ActiveCfg = Release|Win32
		{5790559C-03E4-449F-A15A-CE760F6353F3}.Release|Win32.Build.0 = Release|Win32
		{E5206AF5-27C4-408C-A723-54A56E31863C}.Debug|Win32.ActiveCfg = Debug|Win32
		{E5206AF5-27C4-408C-A723-54A56E31863C}.Debug|Win32.Build.0 = Debug|Win32
		{E5206AF5-27C4-408C-A723-54A56E31863C}.Release|Win32.ActiveCfg = Release|Win32
		{E5206AF5-27C4-408C-A723-54A56E31863C}.Release|Win32.Build.0 = Release|Win32
		{5576F56A-657A-4661-A49D-91F72BAB3494}.Debug|Win32.ActiveCfg = Debug|Win32
		{5576F56A-657A-4661-A49D-91F72BAB3494}.Debug|Win32.Build.0 = Debug|Win32
		{5576F56A-657A-4661-A49D-91F72BAB3494}.Release|Win32.ActiveCfg = Release|Win32
		{5576F56A-657A-4661-A49D-91F72BAB3494}.Release|Win32.Build.0 = Release|Win32
		{979D6110-4661-4FB2-BFFF-F865033B9002}.Debug|Win32.ActiveCfg = Debug|Win32
		{979D6110-4661-4FB2-BFFF-F865033B9002}.Debug|Win32.Build.0 = Debug|Win32
		{979D6110-4661-4FB2-BFFF-F865033B9002}.Release|Win32.ActiveCfg = Release|Win32
		{979D6110-4661-4FB2-BFFF-F865033B9002}.Release|Win32.Build.0 = Release|Win32
		{F0523425-F3BE-4D3A-8B18-4243536D1BE3}.Debug|Win32.ActiveCfg = Debug|Win32
		{F0523425-F3BE-4D3A-8B18-4243536D1BE3}.Debug|Win32.Build.0 = Debug|Win32
		{F0523425-F3BE-4D3A-8B18-4243536D1BE3}.Release|Win32.ActiveCfg = Release|Win32
		{F0523425-F3BE-4D3A-8B18-4243536D1BE3}.Release|Win32.Build.0 = Release|Win32
		{D820AD8A-7166-4E24-AC53-290875CCE0D9}.Debug|Win32.ActiveCfg = Debug|Win32
		{D820AD8A-7166-4E24-AC53-290875CCE0D9}.Debug|Win32.Build.0 = Debug|Win32
		{D820AD8A-7166-4E24-AC53-290875CCE0D9}.Release|Win32.ActiveCfg = Release|Win32
		{D820AD8A-7166-4E24-AC53-290875CCE0D9}.Release|Win32.Build.0 = Release|Win32
		{628B166B-7BAD-4BEA-A45C-4CCD251CBC67}.Debug|Win32.ActiveCfg = Debug|Win32
		{628B166B-7BAD-4BEA-A45C-4CCD251CBC67}.Debug|Win32.Build.0 = Debug|Win32
		{628B166B-7BAD-4BEA-A45C-4CCD251CBC67}.Release|Win32.ActiveCfg = Release|Win32
		{628B166B-7BAD-4BEA-A45C-4CCD251CBC67}.Release|Win32.Build.0 = Release|Win32
		{B0A7848A-BD1F-4F3D-9038-B110C6B549F7}.Debug|Win32.ActiveCfg = Debug|Win32
		{B0A7848A-BD1F-4F3D-9038-B110C6B549F7}.Debug|Win32.Build.0 = Debug|Win32
		{B0A7848A-BD1F-4F3D-9038-B110C6B549F7}.Release|Win32.ActiveCfg = Release|Win32
		{B0A7848A-BD1F-4F3D-9038-B110C6B549F7}.Release|Win32.Build.0 = Release|Win32
		{D4DA14A4-B19C-4A8D-9B70-222581A2F743}.Debug|Win32.ActiveCfg = Debug|Win32
		{D4DA14A4-B19C-4A8D-9B70-222581A2F743}.Debug|Win32.Build.0 = Debug|Win32
		{D4DA14A4-B19C-4A8D-9B70-222581A2F743}.Release|Win32.ActiveCfg = Release|Win32
		{D4DA14A4-B19C-4A8D-9B70-222581A2F743}.Release|Win32.Build.0 = Release|Win32
		{58BC5433-5C36-4808-818C-220E4B9482E4}.Debug|Win32.ActiveCfg = Debug|Win32
		{58BC5433-5C36-4808-818C-220E4B9482E4}.Debug|Win32.Build.0 = Debug|Win32
		{58BC5433-5C36-4808-818C-220E4B9482E4}.Release|Win32.ActiveCfg = Release|Win32
		{58BC5433-5C36-4808-818C-220E4B9482E4}.Release|Win32.Build.0 = Release|Win32
		{4C16309A-B7D1-486A-A15E-289AB42D23E0}.Debug|Win32.ActiveCfg = Debug|Win32
		{4C16309A-B7D1-486A-A15E-289AB42D23E0}.Debug|Win32.Build.0 = Debug|Win32
		{4C16309A-B7D1-486A-A15E-289AB42D23E0}.Release|Win32.ActiveCfg = Release|Win32
		{4C16309A-B7D1-486A-A15E-289AB42D23E0}.Release|Win32.Build.0 = Release|Win32
		{FC8C3CE1-1E67-46AF-8AB6-F8F1BD4D9530}.Debug|Win32.ActiveCfg = Debug|Win32
		{FC8C3CE1-1E67-46AF-8AB6-F8F1BD4D9530}.Debug|Win32.Build.0 = Debug|Win32
		{FC8C3CE1-1E67-46AF-8AB6-F8F1BD4D9530}.Release|Win32.ActiveCfg = Release|Win32
		{FC8C3CE1-1E67-46AF-8AB6-F8F1BD4D9530}.Release|Win32.Build.0 = Release|Win32
		{AD5A3114-4DAF-405E-9D1B-3003F99A9EA2}.Debug|Win32.ActiveCfg = Debug|Win32
		{AD5A3114-4DAF-405E-9D1B-3003F99A9EA2}.Debug|Win32.Build.0 = Debug|Win32
		{AD5A3114-4DAF-405E-9D1B-3003F99A9EA2}.Release|Win32.ActiveCfg = Release|Win32
		{AD5A3114-4DAF-405E-9D1B-3003F99A9EA2}.Release|Win32.Build.0 = Release|Win32
		{D038D0D1-ABAF-41EA-B468-B5466BF989FA}.Debug|Win32.ActiveCfg = Debug|Win32
		{D038D0D1-ABAF-41EA-B468-B5466BF989FA}.Debug|Win32.Build.0 = Debug|Win32
		{D038D0D1-ABAF-41EA-B468-B5466BF989FA}.Release|Win32.ActiveCfg = Release|Win32
		{D038D0D1-ABAF-41EA-B468-B5466BF989FA}.Release|Win32.Build.0 = Release|Win32
		{FEC9FC08-A27E-4CBB-A679-ADAD4D9E6DE0}.Debug|Win32.ActiveCfg = Debug|Win32
		{FEC9FC08-A27E-4CBB-A679-ADAD4D9E6DE0}.Debug|Win32.Build.0 = Debug|Win32
		{FEC9FC08-A27E-4CBB-A679-ADAD4D9E6DE0}.Release|Win32.ActiveCfg = Release|Win32
		{FEC9FC08-A27E-4CBB-A679-ADAD4D9E6DE0}.Release|Win32.Build.0 = Release|Win32
		{895E2605-CA36-48E4-AC0D-205458877393}.Debug|Win32.ActiveCfg = Debug|Win32
		{895E2605-CA36-48E4-AC0D-205458877393}.Debug|Win32.Build.0 = Debug|Win32
		{895E2605-CA36-48E4-AC0D-205458877393}.Release|Win32.ActiveCfg = Release|Win32
		{895E2605-CA36-48E4-AC0D-205458877393}.Release|Win32.Build.0 = Release|Win32
		{B2348320-43FB-4865-962A-043B43475CAA}.Debug|Win32.ActiveCfg = Debug|Win32
		{B2348320-43FB-4865-962A-043B43475CAA}.Debug|Win32.Build.0 = Debug|Win32
		{B2348320-43FB-4865-962A-043B43475CAA}.Release|Win32.ActiveCfg = Release|Win32
		{B2348320-43FB-4865-962A-043B43475CAA}.Release|Win32.Build.0 = Release|Win32
		{89ECF26C-C58F-4EF2-BBF5-B4A93B82CE18}.Debug|Win32.ActiveCfg = Debug|Win32
		{89ECF26C-C58F-4EF2-BBF5-B4A93B82CE18}.Debug|Win32.Build.0 = Debug|Win32
		{89ECF26C-C58F-4EF2-BBF5-B4A93B82CE18}.Release|Win32.ActiveCfg = Release|Win32
		{89ECF26C-C58F-4EF2-BBF5-B4A93B82CE18}.Release|Win32.Build.0 = Release|Win32
		{2454F179-57F5-44C2-8C08-B97B829C9CC4}.Debug|Win32.ActiveCfg = Debug|Win32
		{2454F179-57F5-44C2-8C08-B97B829C9CC4}.Debug|Win32.Build.0 = Debug|Win32
		{2454F179-57F5-44C2-8C08-B97B829C9CC4}.Release|Win32.ActiveCfg = Release|Win32
		{2454F179-57F5-44C2-8C08-B97B829C9CC4}.Release|Win32.Build.0 = Release|Win32
		{D5C9B9B8-815C-446B-9255-59F39F1AE3B7}.Debug|Win32.ActiveCfg = Debug|Win32
		{D5C9B9B8-815C-446B-9255-59F39F1AE3B7}.Debug|Win32.Build.0 = Debug|Win32
		{D5C9B9B8-815C-446B-9255-59F39F1AE3B7}.Release|Win32.ActiveCfg = Release|Win32
		{D5C9B9B8-815C-446B-9255-59F39F1AE3B7}.Release|Win32.Build.0 = Release|Win32
		{16E237CF-809C-40F6-8A2D-B8F66C26F69E}.Debug|Win32.ActiveCfg = Debug|Win32
		{16E237CF-809C-40F6-8A2D-B8F66C26F69E}.Debug|Win32.Build.0 = Debug|Win32
		{16E237CF-809C-40F6-8A2D-B8F66C26F69E}.Release|Win32.ActiveCfg = Release|Win32
		{16E237CF-809C-40F6-8A2D-B8F66C26F69E}.Release|Win32.Build.0 = Release|Win32
		{15552E6C-3D8C-443E-92E0-A3ABC2E32F01}.Debug|Win32.ActiveCfg = Debug|Win32
		{15552E6C-3D8C-443E-92E0-A3ABC2E32F01}.Debug|Win32.Build.0 = Debug|Win32
		{15552E6C-3D8C-443E-92E0-A3ABC2E32F01}.Release|Win32.ActiveCfg = Release|Win32
		{15552E6C-3D8C-443E-92E0-A3ABC2E32F01}.Release|Win32.Build.0 = Release|Win32
		{3E1020F6-3DEA-495F-8197-02ABEF79CE72}.Debug|Win32.ActiveCfg = Debug|Win32
		{3E1020F6-3DEA-495F-8197-02ABEF79CE72}.Debug|Win32.Build.0 = Debug|Win32
		{3E1020F6-3DEA-495F-8197-02ABEF79CE72}.Release|Win32.ActiveCfg = Release|Win32
		{3E1020F6-3DEA-495F-8197-02ABEF79CE72}.Release|Win32.Build.0 = Release|Win32
	EndGlobalSection
	GlobalSection(SolutionProperties) = preSolution
		HideSolutionNode = FALSE
	EndGlobalSection
EndGlobal
