<?xml version="1.0" encoding="utf-8"?>
<Project ToolsVersion="4.0" xmlns="http://schemas.microsoft.com/developer/msbuild/2003">
  <ItemGroup>
    <Filter Include="Source Files">
      <UniqueIdentifier>{a36f4e5f-dfa3-45c6-84f9-855a1c910b4b}</UniqueIdentifier>
      <Extensions>cxx;c</Extensions>
    </Filter>
    <Filter Include="Header Files">
      <UniqueIdentifier>{c9233a36-e722-4c84-be78-809361e6900e}</UniqueIdentifier>
      <Extensions>h;inl</Extensions>
    </Filter>
  </ItemGroup>
  <ItemGroup>
    <ClCompile Include="..\display_array.cxx">
      <Filter>Source Files</Filter>
    </ClCompile>
    <ClCompile Include="..\mathlinkhelp.c">
      <Filter>Source Files</Filter>
    </ClCompile>
  </ItemGroup>
  <ItemGroup>
    <ClInclude Include="..\..\include\display.h">
      <Filter>Header Files</Filter>
    </ClInclude>
  </ItemGroup>
  <ItemGroup>
    <None Include="..\..\include\display.inl">
      <Filter>Header Files</Filter>
    </None>
  </ItemGroup>
</Project>