<?xml version="1.0" encoding="utf-8"?>
<Project ToolsVersion="4.0" xmlns="http://schemas.microsoft.com/developer/msbuild/2003">
  <ItemGroup>
    <Filter Include="Source Files">
      <UniqueIdentifier>{7e25ab89-49f3-44dd-a6aa-7a0273149b2d}</UniqueIdentifier>
      <Extensions>cpp;c;cxx;rc;def;r;odl;idl;hpj;bat</Extensions>
    </Filter>
    <Filter Include="Header Files">
      <UniqueIdentifier>{406975f1-9251-45f8-a7c2-9d8382b90914}</UniqueIdentifier>
      <Extensions>h;hpp;hxx;hm;inl</Extensions>
    </Filter>
  </ItemGroup>
  <ItemGroup>
    <ClCompile Include="..\ecat6_utils.cxx">
      <Filter>Source Files</Filter>
    </ClCompile>
    <ClCompile Include="..\ECAT6OutputFileFormat.cxx">
      <Filter>Source Files</Filter>
    </ClCompile>
    <ClCompile Include="..\ECAT7DynamicDiscretisedDensityOutputFileFormat.cxx">
      <Filter>Source Files</Filter>
    </ClCompile>
    <ClCompile Include="..\ECAT7OutputFileFormat.cxx">
      <Filter>Source Files</Filter>
    </ClCompile>
    <ClCompile Include="..\ECAT7ParametricDensityOutputFileFormat.cxx">
      <Filter>Source Files</Filter>
    </ClCompile>
    <ClCompile Include="..\InputFileFormatRegistry.cxx">
      <Filter>Source Files</Filter>
    </ClCompile>
    <ClCompile Include="..\interfile.cxx">
      <Filter>Source Files</Filter>
    </ClCompile>
    <ClCompile Include="..\InterfileHeader.cxx">
      <Filter>Source Files</Filter>
    </ClCompile>
    <ClCompile Include="..\InterfileOutputFileFormat.cxx">
      <Filter>Source Files</Filter>
    </ClCompile>
    <ClCompile Include="..\IO_registries.cxx">
      <Filter>Source Files</Filter>
    </ClCompile>
    <ClCompile Include="..\OutputFileFormat.cxx">
      <Filter>Source Files</Filter>
    </ClCompile>
    <ClCompile Include="..\OutputFileFormat_default.cxx">
      <Filter>Source Files</Filter>
    </ClCompile>
    <ClCompile Include="..\stir_AVW.cxx">
      <Filter>Source Files</Filter>
    </ClCompile>
    <ClCompile Include="..\stir_ecat6.cxx">
      <Filter>Source Files</Filter>
    </ClCompile>
    <ClCompile Include="..\stir_ecat7.cxx">
      <Filter>Source Files</Filter>
    </ClCompile>
    <ClCompile Include="..\stir_ecat_common.cxx">
      <Filter>Source Files</Filter>
    </ClCompile>
  </ItemGroup>
  <ItemGroup>
    <ClInclude Include="..\..\include\stir\IO\ecat6_types.h">
      <Filter>Header Files</Filter>
    </ClInclude>
    <ClInclude Include="..\..\include\stir\IO\ecat6_utils.h">
      <Filter>Header Files</Filter>
    </ClInclude>
    <ClInclude Include="..\..\include\stir\IO\ECAT6OutputFileFormat.h">
      <Filter>Header Files</Filter>
    </ClInclude>
    <ClInclude Include="..\..\include\stir\IO\ECAT7OutputFileFormat.h">
      <Filter>Header Files</Filter>
    </ClInclude>
    <ClInclude Include="..\..\include\stir\IO\InputFileFormatRegistry.h">
      <Filter>Header Files</Filter>
    </ClInclude>
    <ClInclude Include="..\..\include\stir\IO\InterfileOutputFileFormat.h">
      <Filter>Header Files</Filter>
    </ClInclude>
    <ClInclude Include="..\..\include\stir\IO\OutputFileFormat.h">
      <Filter>Header Files</Filter>
    </ClInclude>
    <ClInclude Include="..\..\include\stir\IO\read_data.h">
      <Filter>Header Files</Filter>
    </ClInclude>
    <ClInclude Include="..\..\include\stir\IO\read_data_1d.h">
      <Filter>Header Files</Filter>
    </ClInclude>
    <ClInclude Include="..\..\include\stir\IO\stir_ecat6.h">
      <Filter>Header Files</Filter>
    </ClInclude>
    <ClInclude Include="..\..\include\stir\IO\stir_ecat7.h">
      <Filter>Header Files</Filter>
    </ClInclude>
    <ClInclude Include="..\..\include\stir\IO\stir_ecat_common.h">
      <Filter>Header Files</Filter>
    </ClInclude>
    <ClInclude Include="..\..\include\stir\IO\write_data.h">
      <Filter>Header Files</Filter>
    </ClInclude>
    <ClInclude Include="..\..\include\stir\IO\write_data_1d.h">
      <Filter>Header Files</Filter>
    </ClInclude>
  </ItemGroup>
  <ItemGroup>
    <None Include="..\..\include\stir\IO\InputFileFormatRegistry.txx">
      <Filter>Header Files</Filter>
    </None>
    <None Include="..\..\include\stir\IO\read_data.inl">
      <Filter>Header Files</Filter>
    </None>
    <None Include="..\..\include\stir\IO\read_data_1d.inl">
      <Filter>Header Files</Filter>
    </None>
    <None Include="..\..\include\stir\IO\write_data.inl">
      <Filter>Header Files</Filter>
    </None>
    <None Include="..\..\include\stir\IO\write_data_1d.inl">
      <Filter>Header Files</Filter>
    </None>
  </ItemGroup>
</Project>