<?xml version="1.0" encoding="utf-8"?>
<Project ToolsVersion="4.0" xmlns="http://schemas.microsoft.com/developer/msbuild/2003">
  <ItemGroup>
    <Filter Include="Source Files">
      <UniqueIdentifier>{37698fe4-5f86-4731-90a0-b7b42fdc057e}</UniqueIdentifier>
      <Extensions>cpp;c;cxx;rc;def;r;odl;idl;hpj;bat</Extensions>
    </Filter>
    <Filter Include="Header Files">
      <UniqueIdentifier>{4d8d32b7-e9c9-452a-b7d3-164ccc8cd3fc}</UniqueIdentifier>
      <Extensions>h;hpp;hxx;hm;inl</Extensions>
    </Filter>
  </ItemGroup>
  <ItemGroup>
    <ClCompile Include="..\..\..\buildblock\buildblock_registries.cxx">
      <Filter>Source Files</Filter>
    </ClCompile>
    <ClCompile Include="..\..\..\IO\IO_registries.cxx">
      <Filter>Source Files</Filter>
    </ClCompile>
    <ClCompile Include="..\OSMAPOSL.cxx">
      <Filter>Source Files</Filter>
    </ClCompile>
    <ClCompile Include="..\OSMAPOSLReconstruction.cxx">
      <Filter>Source Files</Filter>
    </ClCompile>
    <ClCompile Include="..\..\..\recon_buildblock\recon_buildblock_registries.cxx">
      <Filter>Source Files</Filter>
    </ClCompile>
  </ItemGroup>
  <ItemGroup>
    <ClInclude Include="..\..\..\include\stir\OSMAPOSL\OSMAPOSLReconstruction.h">
      <Filter>Header Files</Filter>
    </ClInclude>
  </ItemGroup>
</Project>