
Microsoft Visual Studio Solution File, Format Version 11.00
# Visual C++ Express 2010
Project("{8BC9CEB8-8B4A-11D0-8D11-00A0C91BC942}") = "IO", "..\..\IO\VC\IO.vcxproj", "{A91E422B-1728-4CF7-9A20-01871F43BE6F}"
EndProject
Project("{8BC9CEB8-8B4A-11D0-8D11-00A0C91BC942}") = "buildblock", "..\..\buildblock\VC\buildblock.vcxproj", "{35DE8EA0-694C-4867-9D8A-3A044F5B74C4}"
EndProject
Project("{8BC9CEB8-8B4A-11D0-8D11-00A0C91BC942}") = "ecat", "..\..\..\..\lln\ecat\VC\ecat.vcxproj", "{B0A7848A-BD1F-4F3D-9038-B110C6B549F7}"
EndProject
Project("{8BC9CEB8-8B4A-11D0-8D11-00A0C91BC942}") = "modelling_buildblock", "..\..\modelling_buildblock\VC\modelling_buildblock.vcxproj", "{3E1020F6-3DEA-495F-8197-02ABEF79CE72}"
EndProject
Project("{8BC9CEB8-8B4A-11D0-8D11-00A0C91BC942}") = "ifheaders_for_ecat7", "..\..\utilities\ecat\VC\ifheaders_for_ecat7\ifheaders_for_ecat7.vcxproj", "{F075937B-387A-45F2-A274-FB63984127E2}"
EndProject
Project("{8BC9CEB8-8B4A-11D0-8D11-00A0C91BC942}") = "ecat_swap_corners", "..\..\utilities\ecat\VC\ecat_swap_corners\ecat_swap_corners.vcxproj", "{1158EA32-9329-4794-B94D-4158C9D3EDBA}"
EndProject
Project("{8BC9CEB8-8B4A-11D0-8D11-00A0C91BC942}") = "convecat6_if", "..\..\utilities\ecat\VC\convecat6_if\convecat6_if.vcxproj", "{8F87973D-50C5-4096-A74B-265B5D720D6A}"
EndProject
Project("{8BC9CEB8-8B4A-11D0-8D11-00A0C91BC942}") = "conv_to_ecat7", "..\..\utilities\ecat\VC\conv_to_ecat7\conv_to_ecat7.vcxproj", "{563EB13C-13AA-43F6-AB59-76D03F2C8F4C}"
EndProject
Project("{8BC9CEB8-8B4A-11D0-8D11-00A0C91BC942}") = "conv_to_ecat6", "..\..\utilities\ecat\VC\conv_to_ecat6\conv_to_ecat6.vcxproj", "{98E67799-4711-4287-9D4A-C4941C548321}"
EndProject
Global
	GlobalSection(SolutionConfigurationPlatforms) = preSolution
		Debug|Win32 = Debug|Win32
		Release|Win32 = Release|Win32
	EndGlobalSection
	GlobalSection(ProjectConfigurationPlatforms) = postSolution
		{A91E422B-1728-4CF7-9A20-01871F43BE6F}.Debug|Win32.ActiveCfg = Debug|Win32
		{A91E422B-1728-4CF7-9A20-01871F43BE6F}.Debug|Win32.Build.0 = Debug|Win32
		{A91E422B-1728-4CF7-9A20-01871F43BE6F}.Release|Win32.ActiveCfg = Release|Win32
		{A91E422B-1728-4CF7-9A20-01871F43BE6F}.Release|Win32.Build.0 = Release|Win32
		{35DE8EA0-694C-4867-9D8A-3A044F5B74C4}.Debug|Win32.ActiveCfg = Debug|Win32
		{35DE8EA0-694C-4867-9D8A-3A044F5B74C4}.Debug|Win32.Build.0 = Debug|Win32
		{35DE8EA0-694C-4867-9D8A-3A044F5B74C4}.Release|Win32.ActiveCfg = Release|Win32
		{35DE8EA0-694C-4867-9D8A-3A044F5B74C4}.Release|Win32.Build.0 = Release|Win32
		{B0A7848A-BD1F-4F3D-9038-B110C6B549F7}.Debug|Win32.ActiveCfg = Debug|Win32
		{B0A7848A-BD1F-4F3D-9038-B110C6B549F7}.Debug|Win32.Build.0 = Debug|Win32
		{B0A7848A-BD1F-4F3D-9038-B110C6B549F7}.Release|Win32.ActiveCfg = Release|Win32
		{B0A7848A-BD1F-4F3D-9038-B110C6B549F7}.Release|Win32.Build.0 = Release|Win32
		{3E1020F6-3DEA-495F-8197-02ABEF79CE72}.Debug|Win32.ActiveCfg = Debug|Win32
		{3E1020F6-3DEA-495F-8197-02ABEF79CE72}.Debug|Win32.Build.0 = Debug|Win32
		{3E1020F6-3DEA-495F-8197-02ABEF79CE72}.Release|Win32.ActiveCfg = Release|Win32
		{3E1020F6-3DEA-495F-8197-02ABEF79CE72}.Release|Win32.Build.0 = Release|Win32
		{F075937B-387A-45F2-A274-FB63984127E2}.Debug|Win32.ActiveCfg = Debug|Win32
		{F075937B-387A-45F2-A274-FB63984127E2}.Debug|Win32.Build.0 = Debug|Win32
		{F075937B-387A-45F2-A274-FB63984127E2}.Release|Win32.ActiveCfg = Release|Win32
		{F075937B-387A-45F2-A274-FB63984127E2}.Release|Win32.Build.0 = Release|Win32
		{1158EA32-9329-4794-B94D-4158C9D3EDBA}.Debug|Win32.ActiveCfg = Debug|Win32
		{1158EA32-9329-4794-B94D-4158C9D3EDBA}.Debug|Win32.Build.0 = Debug|Win32
		{1158EA32-9329-4794-B94D-4158C9D3EDBA}.Release|Win32.ActiveCfg = Release|Win32
		{1158EA32-9329-4794-B94D-4158C9D3EDBA}.Release|Win32.Build.0 = Release|Win32
		{8F87973D-50C5-4096-A74B-265B5D720D6A}.Debug|Win32.ActiveCfg = Debug|Win32
		{8F87973D-50C5-4096-A74B-265B5D720D6A}.Debug|Win32.Build.0 = Debug|Win32
		{8F87973D-50C5-4096-A74B-265B5D720D6A}.Release|Win32.ActiveCfg = Release|Win32
		{8F87973D-50C5-4096-A74B-265B5D720D6A}.Release|Win32.Build.0 = Release|Win32
		{563EB13C-13AA-43F6-AB59-76D03F2C8F4C}.Debug|Win32.ActiveCfg = Debug|Win32
		{563EB13C-13AA-43F6-AB59-76D03F2C8F4C}.Debug|Win32.Build.0 = Debug|Win32
		{563EB13C-13AA-43F6-AB59-76D03F2C8F4C}.Release|Win32.ActiveCfg = Release|Win32
		{563EB13C-13AA-43F6-AB59-76D03F2C8F4C}.Release|Win32.Build.0 = Release|Win32
		{98E67799-4711-4287-9D4A-C4941C548321}.Debug|Win32.ActiveCfg = Debug|Win32
		{98E67799-4711-4287-9D4A-C4941C548321}.Debug|Win32.Build.0 = Debug|Win32
		{98E67799-4711-4287-9D4A-C4941C548321}.Release|Win32.ActiveCfg = Release|Win32
		{98E67799-4711-4287-9D4A-C4941C548321}.Release|Win32.Build.0 = Release|Win32
	EndGlobalSection
	GlobalSection(SolutionProperties) = preSolution
		HideSolutionNode = FALSE
	EndGlobalSection
EndGlobal
