<?xml version="1.0" encoding="utf-8"?>
<Project ToolsVersion="4.0" xmlns="http://schemas.microsoft.com/developer/msbuild/2003">
  <ItemGroup>
    <Filter Include="Source Files">
      <UniqueIdentifier>{8bbcd77f-f46e-4352-a1d5-fa0f649425ca}</UniqueIdentifier>
      <Extensions>*.cxx</Extensions>
    </Filter>
    <Filter Include="Header Files">
      <UniqueIdentifier>{cc5ac5ec-8aaa-4597-9bcd-de999ebc761b}</UniqueIdentifier>
      <Extensions>*.h</Extensions>
    </Filter>
  </ItemGroup>
  <ItemGroup>
    <ClCompile Include="..\cleanup966ImageProcessor.cxx">
      <Filter>Source Files</Filter>
    </ClCompile>
    <ClCompile Include="..\fft.cxx">
      <Filter>Source Files</Filter>
    </ClCompile>
    <ClCompile Include="..\fwd_and_bck_manipulation_for_SAF.cxx">
      <Filter>Source Files</Filter>
    </ClCompile>
    <ClCompile Include="..\multiply_plane_scale_factorsImageProcessor.cxx">
      <Filter>Source Files</Filter>
    </ClCompile>
    <ClCompile Include="..\Quaternion.cxx">
      <Filter>Source Files</Filter>
    </ClCompile>
    <ClCompile Include="..\SeparableLowPassArrayFilter.cxx">
      <Filter>Source Files</Filter>
    </ClCompile>
    <ClCompile Include="..\SeparableLowPassImageFilter.cxx">
      <Filter>Source Files</Filter>
    </ClCompile>
  </ItemGroup>
  <ItemGroup>
    <ClInclude Include="..\..\..\include\local\stir\cleanup966ImageProcessor.h">
      <Filter>Header Files</Filter>
    </ClInclude>
    <ClInclude Include="..\..\..\include\local\stir\DAVArrayFilter3D.h">
      <Filter>Header Files</Filter>
    </ClInclude>
    <ClInclude Include="..\..\..\include\local\stir\DAVImageFilter3D.h">
      <Filter>Header Files</Filter>
    </ClInclude>
    <ClInclude Include="..\..\..\include\local\stir\Densel.h">
      <Filter>Header Files</Filter>
    </ClInclude>
    <ClInclude Include="..\..\..\include\local\stir\fft.h">
      <Filter>Header Files</Filter>
    </ClInclude>
    <ClInclude Include="..\..\..\include\local\stir\Filter.h">
      <Filter>Header Files</Filter>
    </ClInclude>
    <ClInclude Include="..\..\..\include\local\stir\fwd_and_bck_manipulation_for_SAF.h">
      <Filter>Header Files</Filter>
    </ClInclude>
    <ClInclude Include="..\..\..\include\local\stir\local_helping_functions.h">
      <Filter>Header Files</Filter>
    </ClInclude>
    <ClInclude Include="..\..\..\include\local\stir\merge_direct_sinos.h">
      <Filter>Header Files</Filter>
    </ClInclude>
    <ClInclude Include="..\..\..\include\local\stir\ML_norm.h">
      <Filter>Header Files</Filter>
    </ClInclude>
    <ClInclude Include="..\..\..\include\local\stir\multiply_plane_scale_factorsImageProcessor.h">
      <Filter>Header Files</Filter>
    </ClInclude>
  </ItemGroup>
</Project>