<?xml version="1.0" encoding="utf-8"?>
<Project ToolsVersion="4.0" xmlns="http://schemas.microsoft.com/developer/msbuild/2003">
  <ItemGroup>
    <Filter Include="Source Files">
      <UniqueIdentifier>{bd6b7aac-aa6f-4b59-a731-adaaaadcb96d}</UniqueIdentifier>
      <Extensions>*.cxx</Extensions>
    </Filter>
    <Filter Include="Header Files">
      <UniqueIdentifier>{6dd20be9-bd51-4a24-8cf4-50bf61c582a6}</UniqueIdentifier>
      <Extensions>*.h, *.inl</Extensions>
    </Filter>
  </ItemGroup>
  <ItemGroup>
    <ClCompile Include="..\Box3D.cxx">
      <Filter>Source Files</Filter>
    </ClCompile>
    <ClCompile Include="..\DiscretisedShape3D.cxx">
      <Filter>Source Files</Filter>
    </ClCompile>
    <ClCompile Include="..\Ellipsoid.cxx">
      <Filter>Source Files</Filter>
    </ClCompile>
    <ClCompile Include="..\EllipsoidalCylinder.cxx">
      <Filter>Source Files</Filter>
    </ClCompile>
    <ClCompile Include="..\Shape3D.cxx">
      <Filter>Source Files</Filter>
    </ClCompile>
    <ClCompile Include="..\Shape3DWithOrientation.cxx">
      <Filter>Source Files</Filter>
    </ClCompile>
  </ItemGroup>
  <ItemGroup>
    <ClInclude Include="..\..\include\stir\Shape\CombinedShape3D.h">
      <Filter>Header Files</Filter>
    </ClInclude>
    <ClInclude Include="..\..\include\stir\Shape\DiscretisedShape3D.h">
      <Filter>Header Files</Filter>
    </ClInclude>
    <ClInclude Include="..\..\include\stir\Shape\Ellipsoid.h">
      <Filter>Header Files</Filter>
    </ClInclude>
    <ClInclude Include="..\..\include\stir\Shape\EllipsoidalCylinder.h">
      <Filter>Header Files</Filter>
    </ClInclude>
    <ClInclude Include="..\..\include\stir\Shape\Shape3D.h">
      <Filter>Header Files</Filter>
    </ClInclude>
    <ClInclude Include="..\..\include\stir\Shape\Shape3DWithOrientation.h">
      <Filter>Header Files</Filter>
    </ClInclude>
  </ItemGroup>
  <ItemGroup>
    <None Include="..\..\include\stir\Shape\CombinedShape3D.inl">
      <Filter>Header Files</Filter>
    </None>
    <None Include="..\..\include\stir\Shape\DiscretisedShape3D.inl">
      <Filter>Header Files</Filter>
    </None>
    <None Include="..\..\include\stir\Shape\EllipsoidalCylinder.inl">
      <Filter>Header Files</Filter>
    </None>
    <None Include="..\..\include\stir\Shape\Shape3D.inl">
      <Filter>Header Files</Filter>
    </None>
  </ItemGroup>
</Project>