<?xml version="1.0" encoding="utf-8"?>
<Project ToolsVersion="4.0" xmlns="http://schemas.microsoft.com/developer/msbuild/2003">
  <ItemGroup>
    <Filter Include="Sources">
      <UniqueIdentifier>{ae06b7a0-4c80-4a75-a014-7917d82945ad}</UniqueIdentifier>
      <Extensions>*.cxx</Extensions>
    </Filter>
    <Filter Include="Header Files">
      <UniqueIdentifier>{362b6629-f30d-48fb-a345-d1805e598f70}</UniqueIdentifier>
      <Extensions>*.h, *.inl</Extensions>
    </Filter>
  </ItemGroup>
  <ItemGroup>
    <ClCompile Include="..\compute_ROI_values.cxx">
      <Filter>Sources</Filter>
    </ClCompile>
    <ClCompile Include="..\ROIValues.cxx">
      <Filter>Sources</Filter>
    </ClCompile>
  </ItemGroup>
  <ItemGroup>
    <ClInclude Include="..\..\include\stir\eval_buildblock\compute_ROI_values.h">
      <Filter>Header Files</Filter>
    </ClInclude>
    <ClInclude Include="..\..\include\stir\eval_buildblock\ROIValues.h">
      <Filter>Header Files</Filter>
    </ClInclude>
  </ItemGroup>
</Project>