<?xml version="1.0" encoding="utf-8"?>
<Project ToolsVersion="4.0" xmlns="http://schemas.microsoft.com/developer/msbuild/2003">
  <ItemGroup>
    <Filter Include="Source Files">
      <UniqueIdentifier>{db31dc95-6661-4e06-9ac4-d63966ba52a6}</UniqueIdentifier>
      <Extensions>*.cxx</Extensions>
    </Filter>
    <Filter Include="Header Files">
      <UniqueIdentifier>{127c96f7-fbf6-4413-891b-61a62fee672d}</UniqueIdentifier>
      <Extensions>*.h</Extensions>
    </Filter>
  </ItemGroup>
  <ItemGroup>
    <ClCompile Include="..\BinNormalisationSinogramRescaling.cxx">
      <Filter>Source Files</Filter>
    </ClCompile>
    <ClCompile Include="..\BinNormalisationUsingProfile.cxx">
      <Filter>Source Files</Filter>
    </ClCompile>
    <ClCompile Include="..\DataSymmetriesForDensels_PET_CartesianGrid.cxx">
      <Filter>Source Files</Filter>
    </ClCompile>
    <ClCompile Include="..\ParametricQuadraticPrior.cxx">
      <Filter>Source Files</Filter>
    </ClCompile>
    <ClCompile Include="..\PoissonLogLikelihoodWithLinearModelForMeanAndDynamicProjData.cxx">
      <Filter>Source Files</Filter>
    </ClCompile>
    <ClCompile Include="..\PostsmoothingBackProjectorByBin.cxx">
      <Filter>Source Files</Filter>
    </ClCompile>
    <ClCompile Include="..\PostsmoothingForwardProjectorByBin.cxx">
      <Filter>Source Files</Filter>
    </ClCompile>
    <ClCompile Include="..\PresmoothingForwardProjectorByBin.cxx">
      <Filter>Source Files</Filter>
    </ClCompile>
    <ClCompile Include="..\ProjMatrixByBinSinglePhoton.cxx">
      <Filter>Source Files</Filter>
    </ClCompile>
    <ClCompile Include="..\ProjMatrixByBinUsingSolidAngle.cxx">
      <Filter>Source Files</Filter>
    </ClCompile>
    <ClCompile Include="..\ProjMatrixByDensel.cxx">
      <Filter>Source Files</Filter>
    </ClCompile>
    <ClCompile Include="..\ProjMatrixByDenselUsingRayTracing.cxx">
      <Filter>Source Files</Filter>
    </ClCompile>
  </ItemGroup>
  <ItemGroup>
    <ClInclude Include="..\..\..\include\local\stir\recon_buildblock\DataSymmetriesForDensels.h">
      <Filter>Header Files</Filter>
    </ClInclude>
    <ClInclude Include="..\..\..\include\local\stir\recon_buildblock\DataSymmetriesForDensels_PET_CartesianGrid.h">
      <Filter>Header Files</Filter>
    </ClInclude>
    <ClInclude Include="..\..\..\include\local\recon_buildblock\PostsmoothingForwardProjectorByBin.h">
      <Filter>Header Files</Filter>
    </ClInclude>
    <ClInclude Include="..\..\..\include\local\stir\recon_buildblock\ProjMatrixByBinUsingSolidAngle.h">
      <Filter>Header Files</Filter>
    </ClInclude>
    <ClInclude Include="..\..\..\include\local\stir\recon_buildblock\ProjMatrixByDensel.h">
      <Filter>Header Files</Filter>
    </ClInclude>
    <ClInclude Include="..\..\..\include\local\stir\recon_buildblock\ProjMatrixByDenselUsingRayTracing.h">
      <Filter>Header Files</Filter>
    </ClInclude>
    <ClInclude Include="..\..\..\include\local\stir\recon_buildblock\RelatedDensels.h">
      <Filter>Header Files</Filter>
    </ClInclude>
  </ItemGroup>
  <ItemGroup>
    <None Include="..\..\..\include\local\stir\recon_buildblock\DataSymmetriesForDensels.inl">
      <Filter>Header Files</Filter>
    </None>
    <None Include="..\..\..\include\local\stir\recon_buildblock\DataSymmetriesForDensels_PET_CartesianGrid.inl">
      <Filter>Header Files</Filter>
    </None>
    <None Include="..\..\..\include\local\stir\recon_buildblock\ProjMatrixByDensel.inl">
      <Filter>Header Files</Filter>
    </None>
    <None Include="..\..\..\include\local\stir\recon_buildblock\RelatedDensels.inl">
      <Filter>Header Files</Filter>
    </None>
  </ItemGroup>
</Project>