<?xml version="1.0" encoding="utf-8"?>
<Project ToolsVersion="4.0" xmlns="http://schemas.microsoft.com/developer/msbuild/2003">
  <ItemGroup>
    <Filter Include="Source Files">
      <UniqueIdentifier>{f38e9889-79be-4f1f-b223-e5cff8ecaca7}</UniqueIdentifier>
      <Extensions>cpp;c;cxx;rc;def;r;odl;idl;hpj;bat</Extensions>
    </Filter>
    <Filter Include="Header Files">
      <UniqueIdentifier>{208dbbe1-3e3c-4233-95f9-b02db63509e9}</UniqueIdentifier>
      <Extensions>h;hpp;hxx;hm;inl</Extensions>
    </Filter>
  </ItemGroup>
  <ItemGroup>
    <ClCompile Include="..\AnalyticReconstruction.cxx">
      <Filter>Source Files</Filter>
    </ClCompile>
    <ClCompile Include="..\BackProjectorByBin.cxx">
      <Filter>Source Files</Filter>
    </ClCompile>
    <ClCompile Include="..\BackProjectorByBinUsingInterpolation.cxx">
      <Filter>Source Files</Filter>
    </ClCompile>
    <ClCompile Include="..\BackProjectorByBinUsingInterpolation_linear.cxx">
      <Filter>Source Files</Filter>
    </ClCompile>
    <ClCompile Include="..\BackProjectorByBinUsingInterpolation_piecewise_linear.cxx">
      <Filter>Source Files</Filter>
    </ClCompile>
    <ClCompile Include="..\BackProjectorByBinUsingProjMatrixByBin.cxx">
      <Filter>Source Files</Filter>
    </ClCompile>
    <ClCompile Include="..\BinNormalisation.cxx">
      <Filter>Source Files</Filter>
    </ClCompile>
    <ClCompile Include="..\BinNormalisationFromAttenuationImage.cxx">
      <Filter>Source Files</Filter>
    </ClCompile>
    <ClCompile Include="..\BinNormalisationFromECAT7.cxx">
      <Filter>Source Files</Filter>
    </ClCompile>
    <ClCompile Include="..\BinNormalisationFromProjData.cxx">
      <Filter>Source Files</Filter>
    </ClCompile>
    <ClCompile Include="..\ChainedBinNormalisation.cxx">
      <Filter>Source Files</Filter>
    </ClCompile>
    <ClCompile Include="..\DataSymmetriesForBins.cxx">
      <Filter>Source Files</Filter>
    </ClCompile>
    <ClCompile Include="..\DataSymmetriesForBins_PET_CartesianGrid.cxx">
      <Filter>Source Files</Filter>
    </ClCompile>
    <ClCompile Include="..\DataSymmetriesForDensels.cxx">
      <Filter>Source Files</Filter>
    </ClCompile>
    <ClCompile Include="..\distributable.cxx">
      <Filter>Source Files</Filter>
    </ClCompile>
    <ClCompile Include="..\FilterRootPrior.cxx">
      <Filter>Source Files</Filter>
    </ClCompile>
    <ClCompile Include="..\ForwardProjectorByBin.cxx">
      <Filter>Source Files</Filter>
    </ClCompile>
    <ClCompile Include="..\ForwardProjectorByBinUsingProjMatrixByBin.cxx">
      <Filter>Source Files</Filter>
    </ClCompile>
    <ClCompile Include="..\ForwardProjectorByBinUsingRayTracing.cxx">
      <Filter>Source Files</Filter>
    </ClCompile>
    <ClCompile Include="..\ForwardProjectorByBinUsingRayTracing_Siddon.cxx">
      <Filter>Source Files</Filter>
    </ClCompile>
    <ClCompile Include="..\GeneralisedObjectiveFunction.cxx">
      <Filter>Source Files</Filter>
    </ClCompile>
    <ClCompile Include="..\GeneralisedPrior.cxx">
      <Filter>Source Files</Filter>
    </ClCompile>
    <ClCompile Include="..\IterativeReconstruction.cxx">
      <Filter>Source Files</Filter>
    </ClCompile>
    <ClCompile Include="..\PoissonLogLikelihoodWithLinearKineticModelAndDynamicProjectionData.cxx">
      <Filter>Source Files</Filter>
    </ClCompile>
    <ClCompile Include="..\PoissonLogLikelihoodWithLinearModelForMean.cxx">
      <Filter>Source Files</Filter>
    </ClCompile>
    <ClCompile Include="..\PoissonLogLikelihoodWithLinearModelForMeanAndListModeData.cxx">
      <Filter>Source Files</Filter>
    </ClCompile>
    <ClCompile Include="..\PoissonLogLikelihoodWithLinearModelForMeanAndListModeDataWithProjMatrixByBin.cxx">
      <Filter>Source Files</Filter>
    </ClCompile>
    <ClCompile Include="..\PoissonLogLikelihoodWithLinearModelForMeanAndProjData.cxx">
      <Filter>Source Files</Filter>
    </ClCompile>
    <ClCompile Include="..\ProjDataRebinning.cxx">
      <Filter>Source Files</Filter>
    </ClCompile>
    <ClCompile Include="..\ProjectorByBinPair.cxx">
      <Filter>Source Files</Filter>
    </ClCompile>
    <ClCompile Include="..\ProjectorByBinPairUsingProjMatrixByBin.cxx">
      <Filter>Source Files</Filter>
    </ClCompile>
    <ClCompile Include="..\ProjectorByBinPairUsingSeparateProjectors.cxx">
      <Filter>Source Files</Filter>
    </ClCompile>
    <ClCompile Include="..\ProjMatrixByBin.cxx">
      <Filter>Source Files</Filter>
    </ClCompile>
    <ClCompile Include="..\ProjMatrixByBinFromFile.cxx">
      <Filter>Source Files</Filter>
    </ClCompile>
    <ClCompile Include="..\ProjMatrixByBinUsingInterpolation.cxx">
      <Filter>Source Files</Filter>
    </ClCompile>
    <ClCompile Include="..\ProjMatrixByBinUsingRayTracing.cxx">
      <Filter>Source Files</Filter>
    </ClCompile>
    <ClCompile Include="..\ProjMatrixElemsForOneBin.cxx">
      <Filter>Source Files</Filter>
    </ClCompile>
    <ClCompile Include="..\ProjMatrixElemsForOneDensel.cxx">
      <Filter>Source Files</Filter>
    </ClCompile>
    <ClCompile Include="..\QuadraticPrior.cxx">
      <Filter>Source Files</Filter>
    </ClCompile>
    <ClCompile Include="..\RayTraceVoxelsOnCartesianGrid.cxx">
      <Filter>Source Files</Filter>
    </ClCompile>
    <ClCompile Include="..\Reconstruction.cxx">
      <Filter>Source Files</Filter>
    </ClCompile>
    <ClCompile Include="..\SymmetryOperation.cxx">
      <Filter>Source Files</Filter>
    </ClCompile>
    <ClCompile Include="..\SymmetryOperations_PET_CartesianGrid.cxx">
      <Filter>Source Files</Filter>
    </ClCompile>
    <ClCompile Include="..\TrivialBinNormalisation.cxx">
      <Filter>Source Files</Filter>
    </ClCompile>
    <ClCompile Include="..\TrivialDataSymmetriesForBins.cxx">
      <Filter>Source Files</Filter>
    </ClCompile>
  </ItemGroup>
  <ItemGroup>
    <ClInclude Include="..\..\include\stir\recon_buildblock\BackProjectorByBin.h">
      <Filter>Header Files</Filter>
    </ClInclude>
    <ClInclude Include="..\..\include\stir\recon_buildblock\BackProjectorByBinUsingInterpolation.h">
      <Filter>Header Files</Filter>
    </ClInclude>
    <ClInclude Include="..\..\include\stir\recon_buildblock\BackProjectorByBinUsingProjMatrixByBin.h">
      <Filter>Header Files</Filter>
    </ClInclude>
    <ClInclude Include="..\..\include\stir\recon_buildblock\BinNormalisation.h">
      <Filter>Header Files</Filter>
    </ClInclude>
    <ClInclude Include="..\..\include\stir\recon_buildblock\BinNormalisationFromAttenuationImage.h">
      <Filter>Header Files</Filter>
    </ClInclude>
    <ClInclude Include="..\..\..\include\local\stir\recon_buildblock\BinNormalisationFromECAT7.h">
      <Filter>Header Files</Filter>
    </ClInclude>
    <ClInclude Include="..\..\include\stir\recon_buildblock\BinNormalisationFromProjData.h">
      <Filter>Header Files</Filter>
    </ClInclude>
    <ClInclude Include="..\..\include\stir\recon_buildblock\ChainedBinNormalisation.h">
      <Filter>Header Files</Filter>
    </ClInclude>
    <ClInclude Include="..\..\include\stir\recon_buildblock\DataSymmetriesForBins.h">
      <Filter>Header Files</Filter>
    </ClInclude>
    <ClInclude Include="..\..\include\stir\recon_buildblock\DataSymmetriesForBins_PET_CartesianGrid.h">
      <Filter>Header Files</Filter>
    </ClInclude>
    <ClInclude Include="..\..\include\stir\recon_buildblock\DataSymmetriesForDensels.h">
      <Filter>Header Files</Filter>
    </ClInclude>
    <ClInclude Include="..\..\include\stir\recon_buildblock\distributable.h">
      <Filter>Header Files</Filter>
    </ClInclude>
    <ClInclude Include="..\..\include\stir\recon_buildblock\FilterRootPrior.h">
      <Filter>Header Files</Filter>
    </ClInclude>
    <ClInclude Include="..\..\include\stir\recon_buildblock\ForwardProjectorByBin.h">
      <Filter>Header Files</Filter>
    </ClInclude>
    <ClInclude Include="..\..\include\stir\recon_buildblock\ForwardProjectorByBinUsingProjMatrixByBin.h">
      <Filter>Header Files</Filter>
    </ClInclude>
    <ClInclude Include="..\..\include\stir\recon_buildblock\ForwardProjectorByBinUsingRayTracing.h">
      <Filter>Header Files</Filter>
    </ClInclude>
    <ClInclude Include="..\..\include\stir\recon_buildblock\GeneralisedPrior.h">
      <Filter>Header Files</Filter>
    </ClInclude>
    <ClInclude Include="..\..\include\stir\recon_buildblock\IterativeReconstruction.h">
      <Filter>Header Files</Filter>
    </ClInclude>
    <ClInclude Include="..\..\include\stir\recon_buildblock\ProjectorByBinPair.h">
      <Filter>Header Files</Filter>
    </ClInclude>
    <ClInclude Include="..\..\include\stir\recon_buildblock\ProjectorByBinPairUsingProjMatrixByBin.h">
      <Filter>Header Files</Filter>
    </ClInclude>
    <ClInclude Include="..\..\include\stir\recon_buildblock\ProjectorByBinPairUsingSeparateProjectors.h">
      <Filter>Header Files</Filter>
    </ClInclude>
    <ClInclude Include="..\..\include\stir\recon_buildblock\ProjMatrixByBin.h">
      <Filter>Header Files</Filter>
    </ClInclude>
    <ClInclude Include="..\..\include\stir\recon_buildblock\ProjMatrixByBinFromFile.h">
      <Filter>Header Files</Filter>
    </ClInclude>
    <ClInclude Include="..\..\include\stir\recon_buildblock\ProjMatrixByBinUsingInterpolation.h">
      <Filter>Header Files</Filter>
    </ClInclude>
    <ClInclude Include="..\..\include\stir\recon_buildblock\ProjMatrixByBinUsingRayTracing.h">
      <Filter>Header Files</Filter>
    </ClInclude>
    <ClInclude Include="..\..\include\stir\recon_buildblock\ProjMatrixElemsForOneBin.h">
      <Filter>Header Files</Filter>
    </ClInclude>
    <ClInclude Include="..\..\include\stir\recon_buildblock\ProjMatrixElemsForOneBinValue.h">
      <Filter>Header Files</Filter>
    </ClInclude>
    <ClInclude Include="..\..\include\stir\recon_buildblock\ProjMatrixElemsForOneDensel.h">
      <Filter>Header Files</Filter>
    </ClInclude>
    <ClInclude Include="..\..\include\stir\recon_buildblock\ProjMatrixElemsForOneDenselValue.h">
      <Filter>Header Files</Filter>
    </ClInclude>
    <ClInclude Include="..\..\include\stir\recon_buildblock\RayTraceVoxelsOnCartesianGrid.h">
      <Filter>Header Files</Filter>
    </ClInclude>
    <ClInclude Include="..\..\include\stir\recon_buildblock\Reconstruction.h">
      <Filter>Header Files</Filter>
    </ClInclude>
    <ClInclude Include="..\..\include\stir\recon_buildblock\RelatedBins.h">
      <Filter>Header Files</Filter>
    </ClInclude>
    <ClInclude Include="..\..\include\stir\recon_buildblock\SymmetryOperation.h">
      <Filter>Header Files</Filter>
    </ClInclude>
    <ClInclude Include="..\..\include\stir\recon_buildblock\SymmetryOperations_PET_CartesianGrid.h">
      <Filter>Header Files</Filter>
    </ClInclude>
    <ClInclude Include="..\..\include\stir\recon_buildblock\TrivialBinNormalisation.h">
      <Filter>Header Files</Filter>
    </ClInclude>
  </ItemGroup>
  <ItemGroup>
    <None Include="..\..\include\stir\recon_buildblock\BackProjectorByBin.inl">
      <Filter>Header Files</Filter>
    </None>
    <None Include="..\..\include\stir\recon_buildblock\DataSymmetriesForBins_PET_CartesianGrid.inl">
      <Filter>Header Files</Filter>
    </None>
    <None Include="..\..\include\stir\recon_buildblock\GeneralisedPrior.inl">
      <Filter>Header Files</Filter>
    </None>
    <None Include="..\..\include\stir\recon_buildblock\ProjMatrixByBin.inl">
      <Filter>Header Files</Filter>
    </None>
    <None Include="..\..\include\stir\recon_buildblock\ProjMatrixElemsForOneBin.inl">
      <Filter>Header Files</Filter>
    </None>
    <None Include="..\..\include\stir\recon_buildblock\ProjMatrixElemsForOneBinValue.inl">
      <Filter>Header Files</Filter>
    </None>
    <None Include="..\..\include\stir\recon_buildblock\ProjMatrixElemsForOneDensel.inl">
      <Filter>Header Files</Filter>
    </None>
    <None Include="..\..\include\stir\recon_buildblock\ProjMatrixElemsForOneDenselValue.inl">
      <Filter>Header Files</Filter>
    </None>
    <None Include="..\..\include\stir\recon_buildblock\RelatedBins.inl">
      <Filter>Header Files</Filter>
    </None>
    <None Include="..\..\include\stir\recon_buildblock\SymmetryOperations_PET_CartesianGrid.inl">
      <Filter>Header Files</Filter>
    </None>
  </ItemGroup>
</Project>